// !$*UTF8*$!
{
	archiveVersion = 1;
	classes = {
	};
	objectVersion = 45;
	objects = {

/* Begin PBXBuildFile section */
		3D199B6E1858F3E60063EC53 /* AudioPluginUtil.cpp in Sources */ = {isa = PBXBuildFile; fileRef = 3D199B5E1858F3E60063EC53 /* AudioPluginUtil.cpp */; };
		8D576314048677EA00EA77CD /* CoreFoundation.framework in Frameworks */ = {isa = PBXBuildFile; fileRef = 0AA1909FFE8422F4C02AAC07 /* CoreFoundation.framework */; };
		972153B427B42F65006DDB29 /* main.cpp in Sources */ = {isa = PBXBuildFile; fileRef = 972153B327B42F65006DDB29 /* main.cpp */; };
		972153B527B42F93006DDB29 /* RingBuffer.cpp in Sources */ = {isa = PBXBuildFile; fileRef = 974D48A927B1D5F20087EC11 /* RingBuffer.cpp */; };
		972153B627B42F93006DDB29 /* CompressedRingBuffer.cpp in Sources */ = {isa = PBXBuildFile; fileRef = 974096FF27B2B7BA00367733 /* CompressedRingBuffer.cpp */; };
		972153B727B42F93006DDB29 /* Compressor.cpp in Sources */ = {isa = PBXBuildFile; fileRef = 9740970127B2B7BA00367733 /* Compressor.cpp */; };
		972153B827B42F93006DDB29 /* Delay.cpp in Sources */ = {isa = PBXBuildFile; fileRef = 974096FB27B2B7BA00367733 /* Delay.cpp */; };
		972153BA27B42F93006DDB29 /* StereoVerb.cpp in Sources */ = {isa = PBXBuildFile; fileRef = 974096FA27B2B7BA00367733 /* StereoVerb.cpp */; };
		972153BB27B42F93006DDB29 /* CRingBuffer.cpp in Sources */ = {isa = PBXBuildFile; fileRef = 9740970227B2B7BA00367733 /* CRingBuffer.cpp */; };
		972153BC27B42F93006DDB29 /* util.c in Sources */ = {isa = PBXBuildFile; fileRef = 974D48A627B1D5F20087EC11 /* util.c */; };
		972153BD27B42FAE006DDB29 /* allpass.cpp in Sources */ = {isa = PBXBuildFile; fileRef = 9740978A27B2B94900367733 /* allpass.cpp */; };
		972153BE27B42FAE006DDB29 /* comb.cpp in Sources */ = {isa = PBXBuildFile; fileRef = 9740978D27B2B94900367733 /* comb.cpp */; };
		972153BF27B42FAE006DDB29 /* revmodel.cpp in Sources */ = {isa = PBXBuildFile; fileRef = 9740978F27B2B94900367733 /* revmodel.cpp */; };
		9740970827B2B7BA00367733 /* Filter.cpp in Sources */ = {isa = PBXBuildFile; fileRef = 974096F927B2B7BA00367733 /* Filter.cpp */; };
		9740970927B2B7BA00367733 /* StereoVerb.cpp in Sources */ = {isa = PBXBuildFile; fileRef = 974096FA27B2B7BA00367733 /* StereoVerb.cpp */; };
		9740970A27B2B7BA00367733 /* Delay.cpp in Sources */ = {isa = PBXBuildFile; fileRef = 974096FB27B2B7BA00367733 /* Delay.cpp */; };
		9740970B27B2B7BA00367733 /* CompressedRingBuffer.cpp in Sources */ = {isa = PBXBuildFile; fileRef = 974096FF27B2B7BA00367733 /* CompressedRingBuffer.cpp */; };
		9740970C27B2B7BA00367733 /* Compressor.cpp in Sources */ = {isa = PBXBuildFile; fileRef = 9740970127B2B7BA00367733 /* Compressor.cpp */; };
		9740970D27B2B7BA00367733 /* CRingBuffer.cpp in Sources */ = {isa = PBXBuildFile; fileRef = 9740970227B2B7BA00367733 /* CRingBuffer.cpp */; };
		9740970F27B2B7BA00367733 /* main.cpp in Sources */ = {isa = PBXBuildFile; fileRef = 9740970727B2B7BA00367733 /* main.cpp */; };
		974097FF27B2B94900367733 /* allpass.cpp in Sources */ = {isa = PBXBuildFile; fileRef = 9740978A27B2B94900367733 /* allpass.cpp */; };
		9740980127B2B94900367733 /* comb.cpp in Sources */ = {isa = PBXBuildFile; fileRef = 9740978D27B2B94900367733 /* comb.cpp */; };
		9740980327B2B94900367733 /* revmodel.cpp in Sources */ = {isa = PBXBuildFile; fileRef = 9740978F27B2B94900367733 /* revmodel.cpp */; };
		974D489827B14D120087EC11 /* MasterBusRecorder.cpp in Sources */ = {isa = PBXBuildFile; fileRef = 974D489727B14D120087EC11 /* MasterBusRecorder.cpp */; };
		974D48A227B158580087EC11 /* Accelerate.framework in Frameworks */ = {isa = PBXBuildFile; fileRef = 974D48A027B158430087EC11 /* Accelerate.framework */; };
		974D48AA27B1D5F20087EC11 /* util.c in Sources */ = {isa = PBXBuildFile; fileRef = 974D48A627B1D5F20087EC11 /* util.c */; };
		974D48AB27B1D5F20087EC11 /* RingBuffer.cpp in Sources */ = {isa = PBXBuildFile; fileRef = 974D48A927B1D5F20087EC11 /* RingBuffer.cpp */; };
		975B0E9A27FB48F60071290D /* Biquad.cpp in Sources */ = {isa = PBXBuildFile; fileRef = 975B0E9827FB48F60071290D /* Biquad.cpp */; };
		975B0E9B27FB48F60071290D /* Biquad.cpp in Sources */ = {isa = PBXBuildFile; fileRef = 975B0E9827FB48F60071290D /* Biquad.cpp */; };
		9776B8BE27C3EDAF00AEFF84 /* resample.cpp in Sources */ = {isa = PBXBuildFile; fileRef = 9788526E27BE79EE00CCE8AA /* resample.cpp */; };
		977BDEF327C5305000502F4F /* Artefact.cpp in Sources */ = {isa = PBXBuildFile; fileRef = 977BDEF127C5305000502F4F /* Artefact.cpp */; };
		977BDEF427C5305000502F4F /* Artefact.cpp in Sources */ = {isa = PBXBuildFile; fileRef = 977BDEF127C5305000502F4F /* Artefact.cpp */; };
		97BC62D927C3E34B00728E40 /* resample.cpp in Sources */ = {isa = PBXBuildFile; fileRef = 9788526E27BE79EE00CCE8AA /* resample.cpp */; };
/* End PBXBuildFile section */

/* Begin PBXCopyFilesBuildPhase section */
		972153AA27B42F3B006DDB29 /* CopyFiles */ = {
			isa = PBXCopyFilesBuildPhase;
			buildActionMask = 2147483647;
			dstPath = /usr/share/man/man1/;
			dstSubfolderSpec = 0;
			files = (
			);
			runOnlyForDeploymentPostprocessing = 1;
		};
/* End PBXCopyFilesBuildPhase section */

/* Begin PBXFileReference section */
		0AA1909FFE8422F4C02AAC07 /* CoreFoundation.framework */ = {isa = PBXFileReference; lastKnownFileType = wrapper.framework; name = CoreFoundation.framework; path = /System/Library/Frameworks/CoreFoundation.framework; sourceTree = "<absolute>"; };
		3D199B5E1858F3E60063EC53 /* AudioPluginUtil.cpp */ = {isa = PBXFileReference; fileEncoding = 4; lastKnownFileType = sourcecode.cpp.cpp; name = AudioPluginUtil.cpp; path = ../AudioPluginUtil.cpp; sourceTree = "<group>"; };
		3D199B5F1858F3E60063EC53 /* AudioPluginUtil.h */ = {isa = PBXFileReference; fileEncoding = 4; lastKnownFileType = sourcecode.c.h; name = AudioPluginUtil.h; path = ../AudioPluginUtil.h; sourceTree = "<group>"; };
		3D199B6D1858F3E60063EC53 /* PluginList.h */ = {isa = PBXFileReference; fileEncoding = 4; lastKnownFileType = sourcecode.c.h; name = PluginList.h; path = ../PluginList.h; sourceTree = "<group>"; };
		3DA35E0E175F7CA000FA3842 /* AudioPluginInterface.h */ = {isa = PBXFileReference; fileEncoding = 4; lastKnownFileType = sourcecode.c.h; name = AudioPluginInterface.h; path = ../AudioPluginInterface.h; sourceTree = "<group>"; };
		8D576316048677EA00EA77CD /* OSLNative.bundle */ = {isa = PBXFileReference; explicitFileType = wrapper.cfbundle; includeInIndex = 0; path = OSLNative.bundle; sourceTree = BUILT_PRODUCTS_DIR; };
		8D576317048677EA00EA77CD /* Info.plist */ = {isa = PBXFileReference; fileEncoding = 4; lastKnownFileType = text.plist.xml; path = Info.plist; sourceTree = "<group>"; };
		972153AC27B42F3B006DDB29 /* SoundStageTest */ = {isa = PBXFileReference; explicitFileType = "compiled.mach-o.executable"; includeInIndex = 0; path = SoundStageTest; sourceTree = BUILT_PRODUCTS_DIR; };
		972153B327B42F65006DDB29 /* main.cpp */ = {isa = PBXFileReference; fileEncoding = 4; lastKnownFileType = sourcecode.cpp.cpp; path = main.cpp; sourceTree = "<group>"; };
		974096F927B2B7BA00367733 /* Filter.cpp */ = {isa = PBXFileReference; fileEncoding = 4; lastKnownFileType = sourcecode.cpp.cpp; name = Filter.cpp; path = ../../Filter.cpp; sourceTree = "<group>"; };
		974096FA27B2B7BA00367733 /* StereoVerb.cpp */ = {isa = PBXFileReference; fileEncoding = 4; lastKnownFileType = sourcecode.cpp.cpp; name = StereoVerb.cpp; path = ../../StereoVerb.cpp; sourceTree = "<group>"; };
		974096FB27B2B7BA00367733 /* Delay.cpp */ = {isa = PBXFileReference; fileEncoding = 4; lastKnownFileType = sourcecode.cpp.cpp; name = Delay.cpp; path = ../../Delay.cpp; sourceTree = "<group>"; };
		974096FD27B2B7BA00367733 /* Delay.h */ = {isa = PBXFileReference; fileEncoding = 4; lastKnownFileType = sourcecode.c.h; name = Delay.h; path = ../../Delay.h; sourceTree = "<group>"; };
		974096FE27B2B7BA00367733 /* CompressedRingBuffer.h */ = {isa = PBXFileReference; fileEncoding = 4; lastKnownFileType = sourcecode.c.h; name = CompressedRingBuffer.h; path = ../../CompressedRingBuffer.h; sourceTree = "<group>"; };
		974096FF27B2B7BA00367733 /* CompressedRingBuffer.cpp */ = {isa = PBXFileReference; fileEncoding = 4; lastKnownFileType = sourcecode.cpp.cpp; name = CompressedRingBuffer.cpp; path = ../../CompressedRingBuffer.cpp; sourceTree = "<group>"; };
		9740970027B2B7BA00367733 /* Filter.h */ = {isa = PBXFileReference; fileEncoding = 4; lastKnownFileType = sourcecode.c.h; name = Filter.h; path = ../../Filter.h; sourceTree = "<group>"; };
		9740970127B2B7BA00367733 /* Compressor.cpp */ = {isa = PBXFileReference; fileEncoding = 4; lastKnownFileType = sourcecode.cpp.cpp; name = Compressor.cpp; path = ../../Compressor.cpp; sourceTree = "<group>"; };
		9740970227B2B7BA00367733 /* CRingBuffer.cpp */ = {isa = PBXFileReference; fileEncoding = 4; lastKnownFileType = sourcecode.cpp.cpp; name = CRingBuffer.cpp; path = ../../CRingBuffer.cpp; sourceTree = "<group>"; };
		9740970327B2B7BA00367733 /* StereoVerb.h */ = {isa = PBXFileReference; fileEncoding = 4; lastKnownFileType = sourcecode.c.h; name = StereoVerb.h; path = ../../StereoVerb.h; sourceTree = "<group>"; };
		9740970427B2B7BA00367733 /* Compressor.h */ = {isa = PBXFileReference; fileEncoding = 4; lastKnownFileType = sourcecode.c.h; name = Compressor.h; path = ../../Compressor.h; sourceTree = "<group>"; };
		9740970527B2B7BA00367733 /* CRingBuffer.hpp */ = {isa = PBXFileReference; fileEncoding = 4; lastKnownFileType = sourcecode.cpp.h; name = CRingBuffer.hpp; path = ../../CRingBuffer.hpp; sourceTree = "<group>"; };
		9740970727B2B7BA00367733 /* main.cpp */ = {isa = PBXFileReference; fileEncoding = 4; lastKnownFileType = sourcecode.cpp.cpp; name = main.cpp; path = ../../main.cpp; sourceTree = "<group>"; };
		9740977E27B2B94900367733 /* idfxsmoothedvalue.h */ = {isa = PBXFileReference; fileEncoding = 4; lastKnownFileType = sourcecode.c.h; path = idfxsmoothedvalue.h; sourceTree = "<group>"; };
		9740977F27B2B94900367733 /* dfxsmoothedvalue.h */ = {isa = PBXFileReference; fileEncoding = 4; lastKnownFileType = sourcecode.c.h; path = dfxsmoothedvalue.h; sourceTree = "<group>"; };
		9740978027B2B94900367733 /* dfxsmoothedvalue.hpp */ = {isa = PBXFileReference; fileEncoding = 4; lastKnownFileType = sourcecode.cpp.h; path = dfxsmoothedvalue.hpp; sourceTree = "<group>"; };
		9740978A27B2B94900367733 /* allpass.cpp */ = {isa = PBXFileReference; fileEncoding = 4; lastKnownFileType = sourcecode.cpp.cpp; path = allpass.cpp; sourceTree = "<group>"; };
		9740978C27B2B94900367733 /* revmodel.hpp */ = {isa = PBXFileReference; fileEncoding = 4; lastKnownFileType = sourcecode.cpp.h; path = revmodel.hpp; sourceTree = "<group>"; };
		9740978D27B2B94900367733 /* comb.cpp */ = {isa = PBXFileReference; fileEncoding = 4; lastKnownFileType = sourcecode.cpp.cpp; path = comb.cpp; sourceTree = "<group>"; };
		9740978F27B2B94900367733 /* revmodel.cpp */ = {isa = PBXFileReference; fileEncoding = 4; lastKnownFileType = sourcecode.cpp.cpp; path = revmodel.cpp; sourceTree = "<group>"; };
		9740979027B2B94900367733 /* comb.hpp */ = {isa = PBXFileReference; fileEncoding = 4; lastKnownFileType = sourcecode.cpp.h; path = comb.hpp; sourceTree = "<group>"; };
		9740979327B2B94900367733 /* allpass.hpp */ = {isa = PBXFileReference; fileEncoding = 4; lastKnownFileType = sourcecode.cpp.h; path = allpass.hpp; sourceTree = "<group>"; };
		9740979527B2B94900367733 /* tuning.h */ = {isa = PBXFileReference; fileEncoding = 4; lastKnownFileType = sourcecode.c.h; path = tuning.h; sourceTree = "<group>"; };
		974D489727B14D120087EC11 /* MasterBusRecorder.cpp */ = {isa = PBXFileReference; lastKnownFileType = sourcecode.cpp.cpp; name = MasterBusRecorder.cpp; path = ../MasterBusRecorder.cpp; sourceTree = "<group>"; };
		974D48A027B158430087EC11 /* Accelerate.framework */ = {isa = PBXFileReference; lastKnownFileType = wrapper.framework; name = Accelerate.framework; path = Platforms/MacOSX.platform/Developer/SDKs/MacOSX12.1.sdk/System/Library/Frameworks/Accelerate.framework; sourceTree = DEVELOPER_DIR; };
		974D48A627B1D5F20087EC11 /* util.c */ = {isa = PBXFileReference; fileEncoding = 4; lastKnownFileType = sourcecode.c.c; name = util.c; path = ../../util.c; sourceTree = "<group>"; };
		974D48A727B1D5F20087EC11 /* RingBuffer.h */ = {isa = PBXFileReference; fileEncoding = 4; lastKnownFileType = sourcecode.c.h; name = RingBuffer.h; path = ../../RingBuffer.h; sourceTree = "<group>"; };
		974D48A827B1D5F20087EC11 /* util.h */ = {isa = PBXFileReference; fileEncoding = 4; lastKnownFileType = sourcecode.c.h; name = util.h; path = ../../util.h; sourceTree = "<group>"; };
		974D48A927B1D5F20087EC11 /* RingBuffer.cpp */ = {isa = PBXFileReference; fileEncoding = 4; lastKnownFileType = sourcecode.cpp.cpp; name = RingBuffer.cpp; path = ../../RingBuffer.cpp; sourceTree = "<group>"; };
		974D48AC27B1D94E0087EC11 /* main.h */ = {isa = PBXFileReference; fileEncoding = 4; lastKnownFileType = sourcecode.c.h; name = main.h; path = ../../main.h; sourceTree = "<group>"; };
		975B0E9827FB48F60071290D /* Biquad.cpp */ = {isa = PBXFileReference; fileEncoding = 4; lastKnownFileType = sourcecode.cpp.cpp; name = Biquad.cpp; path = ../../Biquad.cpp; sourceTree = "<group>"; };
		975B0E9927FB48F60071290D /* Biquad.h */ = {isa = PBXFileReference; fileEncoding = 4; lastKnownFileType = sourcecode.c.h; name = Biquad.h; path = ../../Biquad.h; sourceTree = "<group>"; };
		9776B8BD27C3E7C000AEFF84 /* resample_tables.h */ = {isa = PBXFileReference; lastKnownFileType = sourcecode.c.h; name = resample_tables.h; path = ../../resample_tables.h; sourceTree = "<group>"; };
		977BDEF127C5305000502F4F /* Artefact.cpp */ = {isa = PBXFileReference; lastKnownFileType = sourcecode.cpp.cpp; name = Artefact.cpp; path = ../../Artefact.cpp; sourceTree = "<group>"; };
		977BDEF227C5305000502F4F /* Artefact.h */ = {isa = PBXFileReference; lastKnownFileType = sourcecode.c.h; name = Artefact.h; path = ../../Artefact.h; sourceTree = "<group>"; };
		9788526E27BE79EE00CCE8AA /* resample.cpp */ = {isa = PBXFileReference; lastKnownFileType = sourcecode.cpp.cpp; name = resample.cpp; path = ../../resample.cpp; sourceTree = "<group>"; };
		9788526F27BE79EE00CCE8AA /* resample.h */ = {isa = PBXFileReference; lastKnownFileType = sourcecode.c.h; name = resample.h; path = ../../resample.h; sourceTree = "<group>"; };
		97BC62D527C3C9E700728E40 /* lookup_tables.h */ = {isa = PBXFileReference; lastKnownFileType = sourcecode.c.h; name = lookup_tables.h; path = ../../lookup_tables.h; sourceTree = "<group>"; };
/* End PBXFileReference section */

/* Begin PBXFrameworksBuildPhase section */
		8D576313048677EA00EA77CD /* Frameworks */ = {
			isa = PBXFrameworksBuildPhase;
			buildActionMask = 2147483647;
			files = (
				974D48A227B158580087EC11 /* Accelerate.framework in Frameworks */,
				8D576314048677EA00EA77CD /* CoreFoundation.framework in Frameworks */,
			);
			runOnlyForDeploymentPostprocessing = 0;
		};
		972153A927B42F3B006DDB29 /* Frameworks */ = {
			isa = PBXFrameworksBuildPhase;
			buildActionMask = 2147483647;
			files = (
			);
			runOnlyForDeploymentPostprocessing = 0;
		};
/* End PBXFrameworksBuildPhase section */

/* Begin PBXGroup section */
		089C166AFE841209C02AAC07 /* AudioPluginDemo */ = {
			isa = PBXGroup;
			children = (
				08FB77AFFE84173DC02AAC07 /* Source */,
				089C167CFE841241C02AAC07 /* Resources */,
				089C1671FE841209C02AAC07 /* External Frameworks and Libraries */,
				972153AD27B42F3B006DDB29 /* SoundStageTest */,
				19C28FB6FE9D52B211CA2CBB /* Products */,
				974D489F27B158430087EC11 /* Frameworks */,
			);
			name = AudioPluginDemo;
			sourceTree = "<group>";
		};
		089C1671FE841209C02AAC07 /* External Frameworks and Libraries */ = {
			isa = PBXGroup;
			children = (
				0AA1909FFE8422F4C02AAC07 /* CoreFoundation.framework */,
			);
			name = "External Frameworks and Libraries";
			sourceTree = "<group>";
		};
		089C167CFE841241C02AAC07 /* Resources */ = {
			isa = PBXGroup;
			children = (
				8D576317048677EA00EA77CD /* Info.plist */,
			);
			name = Resources;
			sourceTree = "<group>";
		};
		08FB77AFFE84173DC02AAC07 /* Source */ = {
			isa = PBXGroup;
			children = (
				977BDEF227C5305000502F4F /* Artefact.h */,
				977BDEF127C5305000502F4F /* Artefact.cpp */,
				3DA35E0E175F7CA000FA3842 /* AudioPluginInterface.h */,
				3D199B5F1858F3E60063EC53 /* AudioPluginUtil.h */,
				3D199B5E1858F3E60063EC53 /* AudioPluginUtil.cpp */,
				974096FE27B2B7BA00367733 /* CompressedRingBuffer.h */,
				974096FF27B2B7BA00367733 /* CompressedRingBuffer.cpp */,
				9740970427B2B7BA00367733 /* Compressor.h */,
				9740970127B2B7BA00367733 /* Compressor.cpp */,
				9740970527B2B7BA00367733 /* CRingBuffer.hpp */,
				9740970227B2B7BA00367733 /* CRingBuffer.cpp */,
				974096FD27B2B7BA00367733 /* Delay.h */,
				974096FB27B2B7BA00367733 /* Delay.cpp */,
				9740970027B2B7BA00367733 /* Filter.h */,
				974096F927B2B7BA00367733 /* Filter.cpp */,
				975B0E9827FB48F60071290D /* Biquad.cpp */,
				975B0E9927FB48F60071290D /* Biquad.h */,
				97BC62D527C3C9E700728E40 /* lookup_tables.h */,
				974D489727B14D120087EC11 /* MasterBusRecorder.cpp */,
				974D48AC27B1D94E0087EC11 /* main.h */,
				9740970727B2B7BA00367733 /* main.cpp */,
				3D199B6D1858F3E60063EC53 /* PluginList.h */,
				9776B8BD27C3E7C000AEFF84 /* resample_tables.h */,
				9788526F27BE79EE00CCE8AA /* resample.h */,
				9788526E27BE79EE00CCE8AA /* resample.cpp */,
				974D48A727B1D5F20087EC11 /* RingBuffer.h */,
				974D48A927B1D5F20087EC11 /* RingBuffer.cpp */,
				9740970327B2B7BA00367733 /* StereoVerb.h */,
				974096FA27B2B7BA00367733 /* StereoVerb.cpp */,
				974D48A827B1D5F20087EC11 /* util.h */,
				974D48A627B1D5F20087EC11 /* util.c */,
				9740971027B2B94900367733 /* FreeVerb */,
			);
			name = Source;
			sourceTree = "<group>";
		};
		19C28FB6FE9D52B211CA2CBB /* Products */ = {
			isa = PBXGroup;
			children = (
				8D576316048677EA00EA77CD /* OSLNative.bundle */,
				972153AC27B42F3B006DDB29 /* SoundStageTest */,
			);
			name = Products;
			sourceTree = "<group>";
		};
		972153AD27B42F3B006DDB29 /* SoundStageTest */ = {
			isa = PBXGroup;
			children = (
				972153B327B42F65006DDB29 /* main.cpp */,
			);
			path = SoundStageTest;
			sourceTree = "<group>";
		};
		9740971027B2B94900367733 /* FreeVerb */ = {
			isa = PBXGroup;
			children = (
				9740977C27B2B94900367733 /* dfx-library */,
				9740978427B2B94900367733 /* freeverb */,
			);
			name = FreeVerb;
			path = ../../FreeVerb;
			sourceTree = "<group>";
		};
		9740977C27B2B94900367733 /* dfx-library */ = {
			isa = PBXGroup;
			children = (
				9740977E27B2B94900367733 /* idfxsmoothedvalue.h */,
				9740977F27B2B94900367733 /* dfxsmoothedvalue.h */,
				9740978027B2B94900367733 /* dfxsmoothedvalue.hpp */,
			);
			path = "dfx-library";
			sourceTree = "<group>";
		};
		9740978427B2B94900367733 /* freeverb */ = {
			isa = PBXGroup;
			children = (
				9740978827B2B94900367733 /* components */,
			);
			path = freeverb;
			sourceTree = "<group>";
		};
		9740978827B2B94900367733 /* components */ = {
			isa = PBXGroup;
			children = (
				9740978A27B2B94900367733 /* allpass.cpp */,
				9740978C27B2B94900367733 /* revmodel.hpp */,
				9740978D27B2B94900367733 /* comb.cpp */,
				9740978F27B2B94900367733 /* revmodel.cpp */,
				9740979027B2B94900367733 /* comb.hpp */,
				9740979327B2B94900367733 /* allpass.hpp */,
				9740979527B2B94900367733 /* tuning.h */,
			);
			path = components;
			sourceTree = "<group>";
		};
		974D489F27B158430087EC11 /* Frameworks */ = {
			isa = PBXGroup;
			children = (
				974D48A027B158430087EC11 /* Accelerate.framework */,
			);
			name = Frameworks;
			sourceTree = "<group>";
		};
/* End PBXGroup section */

/* Begin PBXNativeTarget section */
		8D57630D048677EA00EA77CD /* OSLNative */ = {
			isa = PBXNativeTarget;
			buildConfigurationList = 1DEB911A08733D790010E9CD /* Build configuration list for PBXNativeTarget "OSLNative" */;
			buildPhases = (
				974D48A527B158B80087EC11 /* ShellScript */,
				8D57630F048677EA00EA77CD /* Resources */,
				8D576311048677EA00EA77CD /* Sources */,
				8D576313048677EA00EA77CD /* Frameworks */,
			);
			buildRules = (
			);
			dependencies = (
			);
			name = OSLNative;
			productInstallPath = "$(HOME)/Library/Bundles";
			productName = AudioPluginDemo;
			productReference = 8D576316048677EA00EA77CD /* OSLNative.bundle */;
			productType = "com.apple.product-type.bundle";
		};
		972153AB27B42F3B006DDB29 /* SoundStageTest */ = {
			isa = PBXNativeTarget;
			buildConfigurationList = 972153B027B42F3B006DDB29 /* Build configuration list for PBXNativeTarget "SoundStageTest" */;
			buildPhases = (
				972153A827B42F3B006DDB29 /* Sources */,
				972153A927B42F3B006DDB29 /* Frameworks */,
				972153AA27B42F3B006DDB29 /* CopyFiles */,
			);
			buildRules = (
			);
			dependencies = (
			);
			name = SoundStageTest;
			productName = SoundStageTest;
			productReference = 972153AC27B42F3B006DDB29 /* SoundStageTest */;
			productType = "com.apple.product-type.tool";
		};
/* End PBXNativeTarget section */

/* Begin PBXProject section */
		089C1669FE841209C02AAC07 /* Project object */ = {
			isa = PBXProject;
			attributes = {
				TargetAttributes = {
					972153AB27B42F3B006DDB29 = {
						CreatedOnToolsVersion = 13.2.1;
					};
				};
			};
			buildConfigurationList = 1DEB911E08733D790010E9CD /* Build configuration list for PBXProject "OSLNative" */;
			compatibilityVersion = "Xcode 3.1";
			developmentRegion = English;
			hasScannedForEncodings = 1;
			knownRegions = (
				English,
				Japanese,
				French,
				German,
				en,
			);
			mainGroup = 089C166AFE841209C02AAC07 /* AudioPluginDemo */;
			projectDirPath = "";
			projectRoot = "";
			targets = (
				8D57630D048677EA00EA77CD /* OSLNative */,
				972153AB27B42F3B006DDB29 /* SoundStageTest */,
			);
		};
/* End PBXProject section */

/* Begin PBXResourcesBuildPhase section */
		8D57630F048677EA00EA77CD /* Resources */ = {
			isa = PBXResourcesBuildPhase;
			buildActionMask = 2147483647;
			files = (
			);
			runOnlyForDeploymentPostprocessing = 0;
		};
/* End PBXResourcesBuildPhase section */

/* Begin PBXShellScriptBuildPhase section */
		974D48A527B158B80087EC11 /* ShellScript */ = {
			isa = PBXShellScriptBuildPhase;
			buildActionMask = 2147483647;
			files = (
			);
			inputFileListPaths = (
			);
			inputPaths = (
			);
			outputFileListPaths = (
			);
			outputPaths = (
			);
			runOnlyForDeploymentPostprocessing = 0;
			shellPath = /bin/sh;
			shellScript = "# Unity places .meta files inside the bundle, which Xcode doesn't like at all:\ncd \"$BUILD_DIR/Debug/OSLNative.bundle\"\nfind . -name \"*.meta\" -type f -delete\ncd \"$BUILD_DIR/Release/OSLNative.bundle\"\nfind . -name \"*.meta\" -type f -delete\n\n";
		};
/* End PBXShellScriptBuildPhase section */

/* Begin PBXSourcesBuildPhase section */
		8D576311048677EA00EA77CD /* Sources */ = {
			isa = PBXSourcesBuildPhase;
			buildActionMask = 2147483647;
			files = (
				9740970B27B2B7BA00367733 /* CompressedRingBuffer.cpp in Sources */,
				9740980127B2B94900367733 /* comb.cpp in Sources */,
				9740970F27B2B7BA00367733 /* main.cpp in Sources */,
				9740970827B2B7BA00367733 /* Filter.cpp in Sources */,
				974097FF27B2B94900367733 /* allpass.cpp in Sources */,
				974D48AA27B1D5F20087EC11 /* util.c in Sources */,
				9740970927B2B7BA00367733 /* StereoVerb.cpp in Sources */,
				977BDEF327C5305000502F4F /* Artefact.cpp in Sources */,
				3D199B6E1858F3E60063EC53 /* AudioPluginUtil.cpp in Sources */,
				974D489827B14D120087EC11 /* MasterBusRecorder.cpp in Sources */,
				9740970C27B2B7BA00367733 /* Compressor.cpp in Sources */,
				9740970D27B2B7BA00367733 /* CRingBuffer.cpp in Sources */,
				9740980327B2B94900367733 /* revmodel.cpp in Sources */,
				975B0E9A27FB48F60071290D /* Biquad.cpp in Sources */,
				974D48AB27B1D5F20087EC11 /* RingBuffer.cpp in Sources */,
				9776B8BE27C3EDAF00AEFF84 /* resample.cpp in Sources */,
				9740970A27B2B7BA00367733 /* Delay.cpp in Sources */,
			);
			runOnlyForDeploymentPostprocessing = 0;
		};
		972153A827B42F3B006DDB29 /* Sources */ = {
			isa = PBXSourcesBuildPhase;
			buildActionMask = 2147483647;
			files = (
				972153BD27B42FAE006DDB29 /* allpass.cpp in Sources */,
				972153BA27B42F93006DDB29 /* StereoVerb.cpp in Sources */,
				972153BE27B42FAE006DDB29 /* comb.cpp in Sources */,
				972153BF27B42FAE006DDB29 /* revmodel.cpp in Sources */,
				972153B827B42F93006DDB29 /* Delay.cpp in Sources */,
				972153B727B42F93006DDB29 /* Compressor.cpp in Sources */,
				972153B427B42F65006DDB29 /* main.cpp in Sources */,
				975B0E9B27FB48F60071290D /* Biquad.cpp in Sources */,
				977BDEF427C5305000502F4F /* Artefact.cpp in Sources */,
				972153BB27B42F93006DDB29 /* CRingBuffer.cpp in Sources */,
				972153B527B42F93006DDB29 /* RingBuffer.cpp in Sources */,
				972153B627B42F93006DDB29 /* CompressedRingBuffer.cpp in Sources */,
				97BC62D927C3E34B00728E40 /* resample.cpp in Sources */,
				972153BC27B42F93006DDB29 /* util.c in Sources */,
			);
			runOnlyForDeploymentPostprocessing = 0;
		};
/* End PBXSourcesBuildPhase section */

/* Begin XCBuildConfiguration section */
		1DEB911B08733D790010E9CD /* Debug */ = {
			isa = XCBuildConfiguration;
			buildSettings = {
				ALWAYS_SEARCH_USER_PATHS = NO;
				ARCHS = "$(ARCHS_STANDARD)";
				CLANG_CXX_LANGUAGE_STANDARD = "c++17";
				CLANG_CXX_LIBRARY = "libc++";
				CODE_SIGN_IDENTITY = "Apple Development";
				CODE_SIGN_STYLE = Automatic;
				COPY_PHASE_STRIP = NO;
				DEPLOYMENT_LOCATION = YES;
				DEVELOPMENT_TEAM = 2G6QP67D7C;
				DSTROOT = "$(PROJECT_DIR)/../../../Assets";
				GCC_C_LANGUAGE_STANDARD = gnu11;
				GCC_DYNAMIC_NO_PIC = NO;
				GCC_ENABLE_FIX_AND_CONTINUE = YES;
				GCC_MODEL_TUNING = G5;
				GCC_OPTIMIZATION_LEVEL = fast;
				INFOPLIST_FILE = Info.plist;
				INSTALL_PATH = /OSLNative/macos;
				MACOSX_DEPLOYMENT_TARGET = 10.9;
				ONLY_ACTIVE_ARCH = NO;
				PRODUCT_BUNDLE_IDENTIFIER = org.FHNW.MasterBusRecorder;
				PRODUCT_NAME = OSLNative;
				PROVISIONING_PROFILE_SPECIFIER = "";
				SDKROOT = macosx;
				SKIP_INSTALL = NO;
				USER_HEADER_SEARCH_PATHS = "$(PROJECT_DIR)/../../**";
				WRAPPER_EXTENSION = bundle;
			};
			name = Debug;
		};
		1DEB911C08733D790010E9CD /* Release */ = {
			isa = XCBuildConfiguration;
			buildSettings = {
				ALWAYS_SEARCH_USER_PATHS = NO;
				ARCHS = "$(ARCHS_STANDARD)";
				CLANG_CXX_LANGUAGE_STANDARD = "c++17";
				CLANG_CXX_LIBRARY = "libc++";
				CODE_SIGN_IDENTITY = "Apple Development";
				CODE_SIGN_STYLE = Automatic;
				DEBUG_INFORMATION_FORMAT = "dwarf-with-dsym";
				DEPLOYMENT_LOCATION = YES;
				DEVELOPMENT_TEAM = 2G6QP67D7C;
				DSTROOT = "$(PROJECT_DIR)/../../../Assets";
				GCC_C_LANGUAGE_STANDARD = gnu11;
				GCC_MODEL_TUNING = G5;
				GCC_OPTIMIZATION_LEVEL = fast;
				INFOPLIST_FILE = Info.plist;
				INSTALL_PATH = /OSLNative/macos;
				MACOSX_DEPLOYMENT_TARGET = 10.9;
				PRODUCT_BUNDLE_IDENTIFIER = org.FHNW.MasterBusRecorder;
				PRODUCT_NAME = OSLNative;
				PROVISIONING_PROFILE_SPECIFIER = "";
				SDKROOT = macosx;
				SKIP_INSTALL = NO;
				USER_HEADER_SEARCH_PATHS = "$(PROJECT_DIR)/../../**";
				WRAPPER_EXTENSION = bundle;
			};
			name = Release;
		};
		1DEB911F08733D790010E9CD /* Debug */ = {
			isa = XCBuildConfiguration;
			buildSettings = {
				ARCHS = "$(ARCHS_STANDARD_32_64_BIT)";
				GCC_C_LANGUAGE_STANDARD = gnu99;
				GCC_OPTIMIZATION_LEVEL = 0;
				GCC_WARN_ABOUT_RETURN_TYPE = YES;
				GCC_WARN_UNUSED_VARIABLE = YES;
				MACOSX_DEPLOYMENT_TARGET = 10.5;
				ONLY_ACTIVE_ARCH = YES;
				PREBINDING = NO;
				SDKROOT = macosx10.9;
			};
			name = Debug;
		};
		1DEB912008733D790010E9CD /* Release */ = {
			isa = XCBuildConfiguration;
			buildSettings = {
				ARCHS = "$(ARCHS_STANDARD_32_64_BIT)";
				GCC_C_LANGUAGE_STANDARD = gnu99;
				GCC_WARN_ABOUT_RETURN_TYPE = YES;
				GCC_WARN_UNUSED_VARIABLE = YES;
				MACOSX_DEPLOYMENT_TARGET = 10.5;
				PREBINDING = NO;
				SDKROOT = macosx10.9;
			};
			name = Release;
		};
		972153B127B42F3B006DDB29 /* Debug */ = {
			isa = XCBuildConfiguration;
			buildSettings = {
				ALWAYS_SEARCH_USER_PATHS = NO;
				CLANG_ANALYZER_NONNULL = YES;
				CLANG_ANALYZER_NUMBER_OBJECT_CONVERSION = YES_AGGRESSIVE;
				CLANG_CXX_LANGUAGE_STANDARD = "gnu++17";
				CLANG_CXX_LIBRARY = "libc++";
				CLANG_ENABLE_MODULES = YES;
				CLANG_ENABLE_OBJC_ARC = YES;
				CLANG_ENABLE_OBJC_WEAK = YES;
				CLANG_WARN_BLOCK_CAPTURE_AUTORELEASING = YES;
				CLANG_WARN_BOOL_CONVERSION = YES;
				CLANG_WARN_COMMA = YES;
				CLANG_WARN_CONSTANT_CONVERSION = YES;
				CLANG_WARN_DEPRECATED_OBJC_IMPLEMENTATIONS = YES;
				CLANG_WARN_DIRECT_OBJC_ISA_USAGE = YES_ERROR;
				CLANG_WARN_DOCUMENTATION_COMMENTS = YES;
				CLANG_WARN_EMPTY_BODY = YES;
				CLANG_WARN_ENUM_CONVERSION = YES;
				CLANG_WARN_INFINITE_RECURSION = YES;
				CLANG_WARN_INT_CONVERSION = YES;
				CLANG_WARN_NON_LITERAL_NULL_CONVERSION = YES;
				CLANG_WARN_OBJC_IMPLICIT_RETAIN_SELF = YES;
				CLANG_WARN_OBJC_LITERAL_CONVERSION = YES;
				CLANG_WARN_OBJC_ROOT_CLASS = YES_ERROR;
				CLANG_WARN_QUOTED_INCLUDE_IN_FRAMEWORK_HEADER = YES;
				CLANG_WARN_RANGE_LOOP_ANALYSIS = YES;
				CLANG_WARN_STRICT_PROTOTYPES = YES;
				CLANG_WARN_SUSPICIOUS_MOVE = YES;
				CLANG_WARN_UNGUARDED_AVAILABILITY = YES_AGGRESSIVE;
				CLANG_WARN_UNREACHABLE_CODE = YES;
				CLANG_WARN__DUPLICATE_METHOD_MATCH = YES;
				CODE_SIGN_STYLE = Automatic;
				COPY_PHASE_STRIP = NO;
				DEBUG_INFORMATION_FORMAT = dwarf;
				DEVELOPMENT_TEAM = 2G6QP67D7C;
				ENABLE_HARDENED_RUNTIME = YES;
				ENABLE_STRICT_OBJC_MSGSEND = YES;
				ENABLE_TESTABILITY = YES;
				GCC_C_LANGUAGE_STANDARD = gnu11;
				GCC_DYNAMIC_NO_PIC = NO;
				GCC_NO_COMMON_BLOCKS = YES;
				GCC_OPTIMIZATION_LEVEL = 0;
				GCC_PREPROCESSOR_DEFINITIONS = (
					"DEBUG=1",
					"$(inherited)",
				);
				GCC_WARN_64_TO_32_BIT_CONVERSION = YES;
				GCC_WARN_ABOUT_RETURN_TYPE = YES_ERROR;
				GCC_WARN_UNDECLARED_SELECTOR = YES;
				GCC_WARN_UNINITIALIZED_AUTOS = YES_AGGRESSIVE;
				GCC_WARN_UNUSED_FUNCTION = YES;
				MACOSX_DEPLOYMENT_TARGET = 11.4;
				MTL_ENABLE_DEBUG_INFO = INCLUDE_SOURCE;
				MTL_FAST_MATH = YES;
				PRODUCT_NAME = "$(TARGET_NAME)";
				SDKROOT = macosx;
			};
			name = Debug;
		};
		972153B227B42F3B006DDB29 /* Release */ = {
			isa = XCBuildConfiguration;
			buildSettings = {
				ALWAYS_SEARCH_USER_PATHS = NO;
				CLANG_ANALYZER_NONNULL = YES;
				CLANG_ANALYZER_NUMBER_OBJECT_CONVERSION = YES_AGGRESSIVE;
				CLANG_CXX_LANGUAGE_STANDARD = "gnu++17";
				CLANG_CXX_LIBRARY = "libc++";
				CLANG_ENABLE_MODULES = YES;
				CLANG_ENABLE_OBJC_ARC = YES;
				CLANG_ENABLE_OBJC_WEAK = YES;
				CLANG_WARN_BLOCK_CAPTURE_AUTORELEASING = YES;
				CLANG_WARN_BOOL_CONVERSION = YES;
				CLANG_WARN_COMMA = YES;
				CLANG_WARN_CONSTANT_CONVERSION = YES;
				CLANG_WARN_DEPRECATED_OBJC_IMPLEMENTATIONS = YES;
				CLANG_WARN_DIRECT_OBJC_ISA_USAGE = YES_ERROR;
				CLANG_WARN_DOCUMENTATION_COMMENTS = YES;
				CLANG_WARN_EMPTY_BODY = YES;
				CLANG_WARN_ENUM_CONVERSION = YES;
				CLANG_WARN_INFINITE_RECURSION = YES;
				CLANG_WARN_INT_CONVERSION = YES;
				CLANG_WARN_NON_LITERAL_NULL_CONVERSION = YES;
				CLANG_WARN_OBJC_IMPLICIT_RETAIN_SELF = YES;
				CLANG_WARN_OBJC_LITERAL_CONVERSION = YES;
				CLANG_WARN_OBJC_ROOT_CLASS = YES_ERROR;
				CLANG_WARN_QUOTED_INCLUDE_IN_FRAMEWORK_HEADER = YES;
				CLANG_WARN_RANGE_LOOP_ANALYSIS = YES;
				CLANG_WARN_STRICT_PROTOTYPES = YES;
				CLANG_WARN_SUSPICIOUS_MOVE = YES;
				CLANG_WARN_UNGUARDED_AVAILABILITY = YES_AGGRESSIVE;
				CLANG_WARN_UNREACHABLE_CODE = YES;
				CLANG_WARN__DUPLICATE_METHOD_MATCH = YES;
				CODE_SIGN_STYLE = Automatic;
				COPY_PHASE_STRIP = NO;
				DEBUG_INFORMATION_FORMAT = "dwarf-with-dsym";
				DEVELOPMENT_TEAM = 2G6QP67D7C;
				ENABLE_HARDENED_RUNTIME = YES;
				ENABLE_NS_ASSERTIONS = NO;
				ENABLE_STRICT_OBJC_MSGSEND = YES;
				GCC_C_LANGUAGE_STANDARD = gnu11;
				GCC_NO_COMMON_BLOCKS = YES;
				GCC_WARN_64_TO_32_BIT_CONVERSION = YES;
				GCC_WARN_ABOUT_RETURN_TYPE = YES_ERROR;
				GCC_WARN_UNDECLARED_SELECTOR = YES;
				GCC_WARN_UNINITIALIZED_AUTOS = YES_AGGRESSIVE;
				GCC_WARN_UNUSED_FUNCTION = YES;
				MACOSX_DEPLOYMENT_TARGET = 11.4;
				MTL_ENABLE_DEBUG_INFO = NO;
				MTL_FAST_MATH = YES;
				PRODUCT_NAME = "$(TARGET_NAME)";
				SDKROOT = macosx;
			};
			name = Release;
		};
/* End XCBuildConfiguration section */

/* Begin XCConfigurationList section */
		1DEB911A08733D790010E9CD /* Build configuration list for PBXNativeTarget "OSLNative" */ = {
			isa = XCConfigurationList;
			buildConfigurations = (
				1DEB911B08733D790010E9CD /* Debug */,
				1DEB911C08733D790010E9CD /* Release */,
			);
			defaultConfigurationIsVisible = 0;
			defaultConfigurationName = Debug;
		};
		1DEB911E08733D790010E9CD /* Build configuration list for PBXProject "OSLNative" */ = {
			isa = XCConfigurationList;
			buildConfigurations = (
				1DEB911F08733D790010E9CD /* Debug */,
				1DEB912008733D790010E9CD /* Release */,
			);
			defaultConfigurationIsVisible = 0;
			defaultConfigurationName = Debug;
		};
		972153B027B42F3B006DDB29 /* Build configuration list for PBXNativeTarget "SoundStageTest" */ = {
			isa = XCConfigurationList;
			buildConfigurations = (
				972153B127B42F3B006DDB29 /* Debug */,
				972153B227B42F3B006DDB29 /* Release */,
			);
			defaultConfigurationIsVisible = 0;
			defaultConfigurationName = Debug;
		};
/* End XCConfigurationList section */
	};
	rootObject = 089C1669FE841209C02AAC07 /* Project object */;
}
