<?xml version="1.0" encoding="utf-8"?>
<Project ToolsVersion="4.0" xmlns="http://schemas.microsoft.com/developer/msbuild/2003">
  <ItemGroup>
    <Filter Include="Source Files">
      <UniqueIdentifier>{4FC737F1-C7A5-4376-A066-2A32D752A2FF}</UniqueIdentifier>
      <Extensions>cpp;c;cc;cxx;def;odl;idl;hpj;bat;asm;asmx</Extensions>
    </Filter>
    <Filter Include="Header Files">
      <UniqueIdentifier>{93995380-89BD-4b04-88EB-625FBE52EBFB}</UniqueIdentifier>
      <Extensions>h;hh;hpp;hxx;hm;inl;inc;xsd</Extensions>
    </Filter>
    <Filter Include="Resource Files">
      <UniqueIdentifier>{67DA6AB6-F800-4c08-8B7A-83BB121AAD01}</UniqueIdentifier>
      <Extensions>rc;ico;cur;bmp;dlg;rc2;rct;bin;rgs;gif;jpg;jpeg;jpe;resx;tiff;tif;png;wav;mfcribbon-ms</Extensions>
    </Filter>
  </ItemGroup>
  <ItemGroup>
    <ClCompile Include="Core\Abi\*.cpp">
      <Filter>Source Files</Filter>
    </ClCompile>
    <ClCompile Include="Core\Shared\Buffers\*.cpp">
      <Filter>Source Files</Filter>
    </ClCompile>
    <ClCompile Include="Core\Shared\Math\*.c">
      <Filter>Source Files</Filter>
    </ClCompile>
    <ClCompile Include="Core\Shared\Math\*.cpp">
      <Filter>Source Files</Filter>
    </ClCompile>
    <ClCompile Include="Core\Devices\ClipPlayer\*.cpp">
      <Filter>Source Files</Filter>
    </ClCompile>
    <ClCompile Include="Core\Devices\Drum\*.cpp">
      <Filter>Source Files</Filter>
    </ClCompile>
    <ClCompile Include="Core\Devices\Envelope\*.cpp">
      <Filter>Source Files</Filter>
    </ClCompile>
    <ClCompile Include="Core\Devices\Filter\*.cpp">
      <Filter>Source Files</Filter>
    </ClCompile>
    <ClCompile Include="Core\Devices\FilterTwo\*.cpp">
      <Filter>Source Files</Filter>
    </ClCompile>
    <ClCompile Include="Core\Devices\Keyboard\*.cpp">
      <Filter>Source Files</Filter>
    </ClCompile>
    <ClCompile Include="Core\Devices\LinkPhaseGenerator\*.cpp">
      <Filter>Source Files</Filter>
    </ClCompile>
    <ClCompile Include="Core\Devices\Maraca\*.cpp">
      <Filter>Source Files</Filter>
    </ClCompile>
    <ClCompile Include="Core\Devices\Noise\*.cpp">
      <Filter>Source Files</Filter>
    </ClCompile>
    <ClCompile Include="Core\Devices\Oscillator\*.cpp">
      <Filter>Source Files</Filter>
    </ClCompile>
    <ClCompile Include="Core\Devices\Utilities\*.cpp">
      <Filter>Source Files</Filter>
    </ClCompile>
    <ClCompile Include="Core\Devices\Xylophone\*.cpp">
      <Filter>Source Files</Filter>
    </ClCompile>
    <ClCompile Include="Core\External\FreeVerb\dfx-library\*.cpp">
      <Filter>Source Files</Filter>
    </ClCompile>
    <ClCompile Include="Core\External\FreeVerb\freeverb\components\*.cpp">
      <Filter>Source Files</Filter>
    </ClCompile>
    <ClCompile Include="Core\External\UnityAudioPlugin\*.cpp">
      <Filter>Source Files</Filter>
    </ClCompile>
  </ItemGroup>
  <ItemGroup>
    <ClInclude Include="Core\Abi\*.h">
      <Filter>Header Files</Filter>
    </ClInclude>
    <ClInclude Include="Core\Shared\Buffers\*.h">
      <Filter>Header Files</Filter>
    </ClInclude>
    <ClInclude Include="Core\Shared\Buffers\*.hpp">
      <Filter>Header Files</Filter>
    </ClInclude>
    <ClInclude Include="Core\Shared\Math\*.h">
      <Filter>Header Files</Filter>
    </ClInclude>
    <ClInclude Include="Core\Devices\ClipPlayer\*.h">
      <Filter>Header Files</Filter>
    </ClInclude>
    <ClInclude Include="Core\Devices\Drum\*.h">
      <Filter>Header Files</Filter>
    </ClInclude>
    <ClInclude Include="Core\Devices\Envelope\*.h">
      <Filter>Header Files</Filter>
    </ClInclude>
    <ClInclude Include="Core\Devices\Filter\*.h">
      <Filter>Header Files</Filter>
    </ClInclude>
    <ClInclude Include="Core\Devices\FilterTwo\*.h">
      <Filter>Header Files</Filter>
    </ClInclude>
    <ClInclude Include="Core\Devices\Keyboard\*.h">
      <Filter>Header Files</Filter>
    </ClInclude>
    <ClInclude Include="Core\Devices\Maraca\*.h">
      <Filter>Header Files</Filter>
    </ClInclude>
    <ClInclude Include="Core\Devices\Noise\*.h">
      <Filter>Header Files</Filter>
    </ClInclude>
    <ClInclude Include="Core\Devices\Oscillator\*.h">
      <Filter>Header Files</Filter>
    </ClInclude>
    <ClInclude Include="Core\Devices\Utilities\*.h">
      <Filter>Header Files</Filter>
    </ClInclude>
    <ClInclude Include="Core\Devices\Xylophone\*.h">
      <Filter>Header Files</Filter>
    </ClInclude>
    <ClInclude Include="Core\External\FreeVerb\**\*.h">
      <Filter>Header Files</Filter>
    </ClInclude>
    <ClInclude Include="Core\External\FreeVerb\**\*.hpp">
      <Filter>Header Files</Filter>
    </ClInclude>
    <ClInclude Include="Core\External\link\include\ableton\**\*.hpp">
      <Filter>Header Files</Filter>
    </ClInclude>
    <ClInclude Include="Core\External\link\modules\asio-standalone\asio\include\**\*.hpp">
      <Filter>Header Files</Filter>
    </ClInclude>
    <ClInclude Include="Core\External\pcg-cpp\include\*.hpp">
      <Filter>Header Files</Filter>
    </ClInclude>
    <ClInclude Include="Core\External\UnityAudioPlugin\*.h">
      <Filter>Header Files</Filter>
    </ClInclude>
  </ItemGroup>
</Project>
